
Microsoft Visual Studio Solution File, Format Version 12.00
# Visual Studio Version 17
VisualStudioVersion = 17.7.34202.233
MinimumVisualStudioVersion = 10.0.40219.1
Project("{FAE04EC0-301F-11D3-BF4B-00C04F79EFBC}") = "Api", "Api\Api.csproj", "{6E6C4B6F-D70D-4526-8413-B0EF5FD11ED9}"
EndProject
Project("{FAE04EC0-301F-11D3-BF4B-00C04F79EFBC}") = "Core", "Core\Core.csproj", "{FDE33EEF-95BF-4D8F-9837-E9565746D54F}"
EndProject
Project("{FAE04EC0-301F-11D3-BF4B-00C04F79EFBC}") = "WebApp", "WebApp\WebApp.csproj", "{02B8FD95-AF6D-4A88-BE97-580267C5AD8B}"
EndProject
Global
	GlobalSection(SolutionConfigurationPlatforms) = preSolution
		Debug|Any CPU = Debug|Any CPU
		Release|Any CPU = Release|Any CPU
	EndGlobalSection
	GlobalSection(ProjectConfigurationPlatforms) = postSolution
		{6E6C4B6F-D70D-4526-8413-B0EF5FD11ED9}.Debug|Any CPU.ActiveCfg = Debug|Any CPU
		{6E6C4B6F-D70D-4526-8413-B0EF5FD11ED9}.Debug|Any CPU.Build.0 = Debug|Any CPU
		{6E6C4B6F-D70D-4526-8413-B0EF5FD11ED9}.Release|Any CPU.ActiveCfg = Release|Any CPU
		{6E6C4B6F-D70D-4526-8413-B0EF5FD11ED9}.Release|Any CPU.Build.0 = Release|Any CPU
		{FDE33EEF-95BF-4D8F-9837-E9565746D54F}.Debug|Any CPU.ActiveCfg = Debug|Any CPU
		{FDE33EEF-95BF-4D8F-9837-E9565746D54F}.Debug|Any CPU.Build.0 = Debug|Any CPU
		{FDE33EEF-95BF-4D8F-9837-E9565746D54F}.Release|Any CPU.ActiveCfg = Release|Any CPU
		{FDE33EEF-95BF-4D8F-9837-E9565746D54F}.Release|Any CPU.Build.0 = Release|Any CPU
		{02B8FD95-AF6D-4A88-BE97-580267C5AD8B}.Debug|Any CPU.ActiveCfg = Debug|Any CPU
		{02B8FD95-AF6D-4A88-BE97-580267C5AD8B}.Debug|Any CPU.Build.0 = Debug|Any CPU
		{02B8FD95-AF6D-4A88-BE97-580267C5AD8B}.Release|Any CPU.ActiveCfg = Release|Any CPU
		{02B8FD95-AF6D-4A88-BE97-580267C5AD8B}.Release|Any CPU.Build.0 = Release|Any CPU
	EndGlobalSection
	GlobalSection(SolutionProperties) = preSolution
		HideSolutionNode = FALSE
	EndGlobalSection
	GlobalSection(ExtensibilityGlobals) = postSolution
		SolutionGuid = {44F1D293-8A52-4C79-8A39-1D2DA242D5CE}
	EndGlobalSection
EndGlobal
